
Microsoft Visual Studio Solution File, Format Version 12.00
# Visual Studio 2012
Project("{FAE04EC0-301F-11D3-BF4B-00C04F79EFBC}") = "BingHackthon", "BingHackthon\BingHackthon.csproj", "{5E7CE955-DE45-4B2B-AE44-75A6D41DCAFB}"
EndProject
Global
	GlobalSection(SolutionConfigurationPlatforms) = preSolution
		Debug|Any CPU = Debug|Any CPU
		Release|Any CPU = Release|Any CPU
	EndGlobalSection
	GlobalSection(ProjectConfigurationPlatforms) = postSolution
		{5E7CE955-DE45-4B2B-AE44-75A6D41DCAFB}.Debug|Any CPU.ActiveCfg = Debug|Any CPU
		{5E7CE955-DE45-4B2B-AE44-75A6D41DCAFB}.Debug|Any CPU.Build.0 = Debug|Any CPU
		{5E7CE955-DE45-4B2B-AE44-75A6D41DCAFB}.Release|Any CPU.ActiveCfg = Release|Any CPU
		{5E7CE955-DE45-4B2B-AE44-75A6D41DCAFB}.Release|Any CPU.Build.0 = Release|Any CPU
	EndGlobalSection
	GlobalSection(SolutionProperties) = preSolution
		HideSolutionNode = FALSE
	EndGlobalSection
EndGlobal
